
Microsoft Visual Studio Solution File, Format Version 12.00
# Visual Studio Version 16
VisualStudioVersion = 16.0.31729.503
MinimumVisualStudioVersion = 10.0.40219.1
Project("{FAE04EC0-301F-11D3-BF4B-00C04F79EFBC}") = "Work", "Work\Work.csproj", "{4FE692D1-BE1A-4F08-A8A1-EF5490F11E7A}"
EndProject
Global
	GlobalSection(SolutionConfigurationPlatforms) = preSolution
		Debug|Any CPU = Debug|Any CPU
		Release|Any CPU = Release|Any CPU
	EndGlobalSection
	GlobalSection(ProjectConfigurationPlatforms) = postSolution
		{4FE692D1-BE1A-4F08-A8A1-EF5490F11E7A}.Debug|Any CPU.ActiveCfg = Debug|Any CPU
		{4FE692D1-BE1A-4F08-A8A1-EF5490F11E7A}.Debug|Any CPU.Build.0 = Debug|Any CPU
		{4FE692D1-BE1A-4F08-A8A1-EF5490F11E7A}.Release|Any CPU.ActiveCfg = Release|Any CPU
		{4FE692D1-BE1A-4F08-A8A1-EF5490F11E7A}.Release|Any CPU.Build.0 = Release|Any CPU
	EndGlobalSection
	GlobalSection(SolutionProperties) = preSolution
		HideSolutionNode = FALSE
	EndGlobalSection
	GlobalSection(ExtensibilityGlobals) = postSolution
		SolutionGuid = {3BDFF231-56F3-4089-B657-0DC7EECEF593}
	EndGlobalSection
EndGlobal
